
Microsoft Visual Studio Solution File, Format Version 12.00
# Visual Studio Version 16
VisualStudioVersion = 16.0.30611.23
MinimumVisualStudioVersion = 10.0.40219.1
Project("{FAE04EC0-301F-11D3-BF4B-00C04F79EFBC}") = "waConhecendoComponentes", "waConhecendoComponentes\waConhecendoComponentes.csproj", "{CA78632C-BE85-44A3-8C6E-DC693A110FC2}"
EndProject
Global
	GlobalSection(SolutionConfigurationPlatforms) = preSolution
		Debug|Any CPU = Debug|Any CPU
		Release|Any CPU = Release|Any CPU
	EndGlobalSection
	GlobalSection(ProjectConfigurationPlatforms) = postSolution
		{CA78632C-BE85-44A3-8C6E-DC693A110FC2}.Debug|Any CPU.ActiveCfg = Debug|Any CPU
		{CA78632C-BE85-44A3-8C6E-DC693A110FC2}.Debug|Any CPU.Build.0 = Debug|Any CPU
		{CA78632C-BE85-44A3-8C6E-DC693A110FC2}.Release|Any CPU.ActiveCfg = Release|Any CPU
		{CA78632C-BE85-44A3-8C6E-DC693A110FC2}.Release|Any CPU.Build.0 = Release|Any CPU
	EndGlobalSection
	GlobalSection(SolutionProperties) = preSolution
		HideSolutionNode = FALSE
	EndGlobalSection
	GlobalSection(ExtensibilityGlobals) = postSolution
		SolutionGuid = {FE1BFEE5-33DA-400C-9AA2-EA474E4AC958}
	EndGlobalSection
EndGlobal
